{
    "_meta": {
        "hash": {
            "sha256": "e40436c653b397b245dd5ac3dc6de7a85092236c37cf60f2a465d57a579f47e2"
        },
        "pipfile-spec": 6,
        "requires": {
            "python_version": "3.7"
        },
        "sources": [
            {
                "name": "pypi",
                "url": "https://pypi.org/simple",
                "verify_ssl": true
            }
        ]
    },
    "default": {
        "peewee": {
            "hashes": [
                "sha256:8298c603d822e1b9023a981e0e771236f5d4975ca9386e15c5d5ec44e5a9b257"
            ],
            "index": "pypi",
            "version": "==3.12.0"
        }
    },
    "develop": {}
}
